
Microsoft Visual Studio Solution File, Format Version 12.00
# Visual Studio Version 17
VisualStudioVersion = 17.7.34221.43
MinimumVisualStudioVersion = 10.0.40219.1
Project("{FAE04EC0-301F-11D3-BF4B-00C04F79EFBC}") = "InvestmentSite.MVC1", "InvestmentSite.MVC1\InvestmentSite.MVC1.csproj", "{A444EB21-1770-4B97-B347-2ED3C5451372}"
EndProject
Global
	GlobalSection(SolutionConfigurationPlatforms) = preSolution
		Debug|Any CPU = Debug|Any CPU
		Release|Any CPU = Release|Any CPU
	EndGlobalSection
	GlobalSection(ProjectConfigurationPlatforms) = postSolution
		{A444EB21-1770-4B97-B347-2ED3C5451372}.Debug|Any CPU.ActiveCfg = Debug|Any CPU
		{A444EB21-1770-4B97-B347-2ED3C5451372}.Debug|Any CPU.Build.0 = Debug|Any CPU
		{A444EB21-1770-4B97-B347-2ED3C5451372}.Release|Any CPU.ActiveCfg = Release|Any CPU
		{A444EB21-1770-4B97-B347-2ED3C5451372}.Release|Any CPU.Build.0 = Release|Any CPU
	EndGlobalSection
	GlobalSection(SolutionProperties) = preSolution
		HideSolutionNode = FALSE
	EndGlobalSection
	GlobalSection(ExtensibilityGlobals) = postSolution
		SolutionGuid = {95F3F5E2-D308-4DEC-B223-E512C8041A0A}
	EndGlobalSection
EndGlobal
